// !$*UTF8*$!
{
	archiveVersion = 1;
	classes = {
	};
	objectVersion = 56;
	objects = {

/* Begin PBXBuildFile section */
		3B94AAC6297EB3930058907C /* KakaoPayApp.swift in Sources */ = {isa = PBXBuildFile; fileRef = 3B94AAC5297EB3930058907C /* KakaoPayApp.swift */; };
		3B94AAC8297EB3930058907C /* ContentView.swift in Sources */ = {isa = PBXBuildFile; fileRef = 3B94AAC7297EB3930058907C /* ContentView.swift */; };
		3B94AACA297EB3950058907C /* Assets.xcassets in Resources */ = {isa = PBXBuildFile; fileRef = 3B94AAC9297EB3950058907C /* Assets.xcassets */; };
		3B94AACD297EB3950058907C /* Preview Assets.xcassets in Resources */ = {isa = PBXBuildFile; fileRef = 3B94AACC297EB3950058907C /* Preview Assets.xcassets */; };
		3B94AAD7297EB46B0058907C /* Model.swift in Sources */ = {isa = PBXBuildFile; fileRef = 3B94AAD6297EB46B0058907C /* Model.swift */; };
		3B94AAD9297EB4B00058907C /* Block.swift in Sources */ = {isa = PBXBuildFile; fileRef = 3B94AAD8297EB4B00058907C /* Block.swift */; };
		3B94AADC297EB6510058907C /* Extensions+Color.swift in Sources */ = {isa = PBXBuildFile; fileRef = 3B94AADB297EB6510058907C /* Extensions+Color.swift */; };
		3B94AADE297EB84A0058907C /* BlockGrid.swift in Sources */ = {isa = PBXBuildFile; fileRef = 3B94AADD297EB84A0058907C /* BlockGrid.swift */; };
		3B94AAE0297EB9210058907C /* BlockButton.swift in Sources */ = {isa = PBXBuildFile; fileRef = 3B94AADF297EB9210058907C /* BlockButton.swift */; };
		3B94AAE2297EBE7A0058907C /* RoundedGradientBackground.swift in Sources */ = {isa = PBXBuildFile; fileRef = 3B94AAE1297EBE7A0058907C /* RoundedGradientBackground.swift */; };
		3B94AAE5297EBF8E0058907C /* EmptyBlockButton.swift in Sources */ = {isa = PBXBuildFile; fileRef = 3B94AAE4297EBF8E0058907C /* EmptyBlockButton.swift */; };
		3B94AAE7297EC2A50058907C /* BlockGridLayout.swift in Sources */ = {isa = PBXBuildFile; fileRef = 3B94AAE6297EC2A50058907C /* BlockGridLayout.swift */; };
/* End PBXBuildFile section */

/* Begin PBXFileReference section */
		3B94AAC2297EB3930058907C /* 01-kakaopay-main.app */ = {isa = PBXFileReference; explicitFileType = wrapper.application; includeInIndex = 0; path = "01-kakaopay-main.app"; sourceTree = BUILT_PRODUCTS_DIR; };
		3B94AAC5297EB3930058907C /* KakaoPayApp.swift */ = {isa = PBXFileReference; lastKnownFileType = sourcecode.swift; path = KakaoPayApp.swift; sourceTree = "<group>"; };
		3B94AAC7297EB3930058907C /* ContentView.swift */ = {isa = PBXFileReference; lastKnownFileType = sourcecode.swift; path = ContentView.swift; sourceTree = "<group>"; };
		3B94AAC9297EB3950058907C /* Assets.xcassets */ = {isa = PBXFileReference; lastKnownFileType = folder.assetcatalog; path = Assets.xcassets; sourceTree = "<group>"; };
		3B94AACC297EB3950058907C /* Preview Assets.xcassets */ = {isa = PBXFileReference; lastKnownFileType = folder.assetcatalog; path = "Preview Assets.xcassets"; sourceTree = "<group>"; };
		3B94AAD6297EB46B0058907C /* Model.swift */ = {isa = PBXFileReference; lastKnownFileType = sourcecode.swift; path = Model.swift; sourceTree = "<group>"; };
		3B94AAD8297EB4B00058907C /* Block.swift */ = {isa = PBXFileReference; lastKnownFileType = sourcecode.swift; path = Block.swift; sourceTree = "<group>"; };
		3B94AADB297EB6510058907C /* Extensions+Color.swift */ = {isa = PBXFileReference; lastKnownFileType = sourcecode.swift; path = "Extensions+Color.swift"; sourceTree = "<group>"; };
		3B94AADD297EB84A0058907C /* BlockGrid.swift */ = {isa = PBXFileReference; lastKnownFileType = sourcecode.swift; path = BlockGrid.swift; sourceTree = "<group>"; };
		3B94AADF297EB9210058907C /* BlockButton.swift */ = {isa = PBXFileReference; lastKnownFileType = sourcecode.swift; path = BlockButton.swift; sourceTree = "<group>"; };
		3B94AAE1297EBE7A0058907C /* RoundedGradientBackground.swift */ = {isa = PBXFileReference; lastKnownFileType = sourcecode.swift; path = RoundedGradientBackground.swift; sourceTree = "<group>"; };
		3B94AAE4297EBF8E0058907C /* EmptyBlockButton.swift */ = {isa = PBXFileReference; lastKnownFileType = sourcecode.swift; path = EmptyBlockButton.swift; sourceTree = "<group>"; };
		3B94AAE6297EC2A50058907C /* BlockGridLayout.swift */ = {isa = PBXFileReference; lastKnownFileType = sourcecode.swift; path = BlockGridLayout.swift; sourceTree = "<group>"; };
/* End PBXFileReference section */

/* Begin PBXFrameworksBuildPhase section */
		3B94AABF297EB3930058907C /* Frameworks */ = {
			isa = PBXFrameworksBuildPhase;
			buildActionMask = 2147483647;
			files = (
			);
			runOnlyForDeploymentPostprocessing = 0;
		};
/* End PBXFrameworksBuildPhase section */

/* Begin PBXGroup section */
		3B94AAB9297EB3920058907C = {
			isa = PBXGroup;
			children = (
				3B94AAC4297EB3930058907C /* 01-kakaopay-main */,
				3B94AAC3297EB3930058907C /* Products */,
			);
			sourceTree = "<group>";
		};
		3B94AAC3297EB3930058907C /* Products */ = {
			isa = PBXGroup;
			children = (
				3B94AAC2297EB3930058907C /* 01-kakaopay-main.app */,
			);
			name = Products;
			sourceTree = "<group>";
		};
		3B94AAC4297EB3930058907C /* 01-kakaopay-main */ = {
			isa = PBXGroup;
			children = (
				3B94AAE3297EBF7F0058907C /* ViewModifiers */,
				3B94AADA297EB6020058907C /* Extensions */,
				3B94AAC5297EB3930058907C /* KakaoPayApp.swift */,
				3B94AAD5297EB4480058907C /* Model */,
				3B94AAD4297EB4430058907C /* Layouts */,
				3B94AAD3297EB43D0058907C /* Views */,
				3B94AAC9297EB3950058907C /* Assets.xcassets */,
				3B94AACB297EB3950058907C /* Preview Content */,
			);
			path = "01-kakaopay-main";
			sourceTree = "<group>";
		};
		3B94AACB297EB3950058907C /* Preview Content */ = {
			isa = PBXGroup;
			children = (
				3B94AACC297EB3950058907C /* Preview Assets.xcassets */,
			);
			path = "Preview Content";
			sourceTree = "<group>";
		};
		3B94AAD3297EB43D0058907C /* Views */ = {
			isa = PBXGroup;
			children = (
				3B94AAC7297EB3930058907C /* ContentView.swift */,
				3B94AADD297EB84A0058907C /* BlockGrid.swift */,
				3B94AADF297EB9210058907C /* BlockButton.swift */,
				3B94AAE4297EBF8E0058907C /* EmptyBlockButton.swift */,
			);
			path = Views;
			sourceTree = "<group>";
		};
		3B94AAD4297EB4430058907C /* Layouts */ = {
			isa = PBXGroup;
			children = (
				3B94AAE6297EC2A50058907C /* BlockGridLayout.swift */,
			);
			path = Layouts;
			sourceTree = "<group>";
		};
		3B94AAD5297EB4480058907C /* Model */ = {
			isa = PBXGroup;
			children = (
				3B94AAD6297EB46B0058907C /* Model.swift */,
				3B94AAD8297EB4B00058907C /* Block.swift */,
			);
			path = Model;
			sourceTree = "<group>";
		};
		3B94AADA297EB6020058907C /* Extensions */ = {
			isa = PBXGroup;
			children = (
				3B94AADB297EB6510058907C /* Extensions+Color.swift */,
			);
			path = Extensions;
			sourceTree = "<group>";
		};
		3B94AAE3297EBF7F0058907C /* ViewModifiers */ = {
			isa = PBXGroup;
			children = (
				3B94AAE1297EBE7A0058907C /* RoundedGradientBackground.swift */,
			);
			path = ViewModifiers;
			sourceTree = "<group>";
		};
/* End PBXGroup section */

/* Begin PBXNativeTarget section */
		3B94AAC1297EB3930058907C /* 01-kakaopay-main */ = {
			isa = PBXNativeTarget;
			buildConfigurationList = 3B94AAD0297EB3950058907C /* Build configuration list for PBXNativeTarget "01-kakaopay-main" */;
			buildPhases = (
				3B94AABE297EB3930058907C /* Sources */,
				3B94AABF297EB3930058907C /* Frameworks */,
				3B94AAC0297EB3930058907C /* Resources */,
			);
			buildRules = (
			);
			dependencies = (
			);
			name = "01-kakaopay-main";
			productName = "01-kakaopay-main";
			productReference = 3B94AAC2297EB3930058907C /* 01-kakaopay-main.app */;
			productType = "com.apple.product-type.application";
		};
/* End PBXNativeTarget section */

/* Begin PBXProject section */
		3B94AABA297EB3920058907C /* Project object */ = {
			isa = PBXProject;
			attributes = {
				BuildIndependentTargetsInParallel = 1;
				LastSwiftUpdateCheck = 1420;
				LastUpgradeCheck = 1420;
				TargetAttributes = {
					3B94AAC1297EB3930058907C = {
						CreatedOnToolsVersion = 14.2;
					};
				};
			};
			buildConfigurationList = 3B94AABD297EB3920058907C /* Build configuration list for PBXProject "01-kakaopay-main" */;
			compatibilityVersion = "Xcode 14.0";
			developmentRegion = en;
			hasScannedForEncodings = 0;
			knownRegions = (
				en,
				Base,
			);
			mainGroup = 3B94AAB9297EB3920058907C;
			productRefGroup = 3B94AAC3297EB3930058907C /* Products */;
			projectDirPath = "";
			projectRoot = "";
			targets = (
				3B94AAC1297EB3930058907C /* 01-kakaopay-main */,
			);
		};
/* End PBXProject section */

/* Begin PBXResourcesBuildPhase section */
		3B94AAC0297EB3930058907C /* Resources */ = {
			isa = PBXResourcesBuildPhase;
			buildActionMask = 2147483647;
			files = (
				3B94AACD297EB3950058907C /* Preview Assets.xcassets in Resources */,
				3B94AACA297EB3950058907C /* Assets.xcassets in Resources */,
			);
			runOnlyForDeploymentPostprocessing = 0;
		};
/* End PBXResourcesBuildPhase section */

/* Begin PBXSourcesBuildPhase section */
		3B94AABE297EB3930058907C /* Sources */ = {
			isa = PBXSourcesBuildPhase;
			buildActionMask = 2147483647;
			files = (
				3B94AAD7297EB46B0058907C /* Model.swift in Sources */,
				3B94AAD9297EB4B00058907C /* Block.swift in Sources */,
				3B94AAC8297EB3930058907C /* ContentView.swift in Sources */,
				3B94AADE297EB84A0058907C /* BlockGrid.swift in Sources */,
				3B94AADC297EB6510058907C /* Extensions+Color.swift in Sources */,
				3B94AAC6297EB3930058907C /* KakaoPayApp.swift in Sources */,
				3B94AAE2297EBE7A0058907C /* RoundedGradientBackground.swift in Sources */,
				3B94AAE0297EB9210058907C /* BlockButton.swift in Sources */,
				3B94AAE5297EBF8E0058907C /* EmptyBlockButton.swift in Sources */,
				3B94AAE7297EC2A50058907C /* BlockGridLayout.swift in Sources */,
			);
			runOnlyForDeploymentPostprocessing = 0;
		};
/* End PBXSourcesBuildPhase section */

/* Begin XCBuildConfiguration section */
		3B94AACE297EB3950058907C /* Debug */ = {
			isa = XCBuildConfiguration;
			buildSettings = {
				ALWAYS_SEARCH_USER_PATHS = NO;
				CLANG_ANALYZER_NONNULL = YES;
				CLANG_ANALYZER_NUMBER_OBJECT_CONVERSION = YES_AGGRESSIVE;
				CLANG_CXX_LANGUAGE_STANDARD = "gnu++20";
				CLANG_ENABLE_MODULES = YES;
				CLANG_ENABLE_OBJC_ARC = YES;
				CLANG_ENABLE_OBJC_WEAK = YES;
				CLANG_WARN_BLOCK_CAPTURE_AUTORELEASING = YES;
				CLANG_WARN_BOOL_CONVERSION = YES;
				CLANG_WARN_COMMA = YES;
				CLANG_WARN_CONSTANT_CONVERSION = YES;
				CLANG_WARN_DEPRECATED_OBJC_IMPLEMENTATIONS = YES;
				CLANG_WARN_DIRECT_OBJC_ISA_USAGE = YES_ERROR;
				CLANG_WARN_DOCUMENTATION_COMMENTS = YES;
				CLANG_WARN_EMPTY_BODY = YES;
				CLANG_WARN_ENUM_CONVERSION = YES;
				CLANG_WARN_INFINITE_RECURSION = YES;
				CLANG_WARN_INT_CONVERSION = YES;
				CLANG_WARN_NON_LITERAL_NULL_CONVERSION = YES;
				CLANG_WARN_OBJC_IMPLICIT_RETAIN_SELF = YES;
				CLANG_WARN_OBJC_LITERAL_CONVERSION = YES;
				CLANG_WARN_OBJC_ROOT_CLASS = YES_ERROR;
				CLANG_WARN_QUOTED_INCLUDE_IN_FRAMEWORK_HEADER = YES;
				CLANG_WARN_RANGE_LOOP_ANALYSIS = YES;
				CLANG_WARN_STRICT_PROTOTYPES = YES;
				CLANG_WARN_SUSPICIOUS_MOVE = YES;
				CLANG_WARN_UNGUARDED_AVAILABILITY = YES_AGGRESSIVE;
				CLANG_WARN_UNREACHABLE_CODE = YES;
				CLANG_WARN__DUPLICATE_METHOD_MATCH = YES;
				COPY_PHASE_STRIP = NO;
				DEBUG_INFORMATION_FORMAT = dwarf;
				ENABLE_STRICT_OBJC_MSGSEND = YES;
				ENABLE_TESTABILITY = YES;
				GCC_C_LANGUAGE_STANDARD = gnu11;
				GCC_DYNAMIC_NO_PIC = NO;
				GCC_NO_COMMON_BLOCKS = YES;
				GCC_OPTIMIZATION_LEVEL = 0;
				GCC_PREPROCESSOR_DEFINITIONS = (
					"DEBUG=1",
					"$(inherited)",
				);
				GCC_WARN_64_TO_32_BIT_CONVERSION = YES;
				GCC_WARN_ABOUT_RETURN_TYPE = YES_ERROR;
				GCC_WARN_UNDECLARED_SELECTOR = YES;
				GCC_WARN_UNINITIALIZED_AUTOS = YES_AGGRESSIVE;
				GCC_WARN_UNUSED_FUNCTION = YES;
				GCC_WARN_UNUSED_VARIABLE = YES;
				IPHONEOS_DEPLOYMENT_TARGET = 16.2;
				MTL_ENABLE_DEBUG_INFO = INCLUDE_SOURCE;
				MTL_FAST_MATH = YES;
				ONLY_ACTIVE_ARCH = YES;
				SDKROOT = iphoneos;
				SWIFT_ACTIVE_COMPILATION_CONDITIONS = DEBUG;
				SWIFT_OPTIMIZATION_LEVEL = "-Onone";
			};
			name = Debug;
		};
		3B94AACF297EB3950058907C /* Release */ = {
			isa = XCBuildConfiguration;
			buildSettings = {
				ALWAYS_SEARCH_USER_PATHS = NO;
				CLANG_ANALYZER_NONNULL = YES;
				CLANG_ANALYZER_NUMBER_OBJECT_CONVERSION = YES_AGGRESSIVE;
				CLANG_CXX_LANGUAGE_STANDARD = "gnu++20";
				CLANG_ENABLE_MODULES = YES;
				CLANG_ENABLE_OBJC_ARC = YES;
				CLANG_ENABLE_OBJC_WEAK = YES;
				CLANG_WARN_BLOCK_CAPTURE_AUTORELEASING = YES;
				CLANG_WARN_BOOL_CONVERSION = YES;
				CLANG_WARN_COMMA = YES;
				CLANG_WARN_CONSTANT_CONVERSION = YES;
				CLANG_WARN_DEPRECATED_OBJC_IMPLEMENTATIONS = YES;
				CLANG_WARN_DIRECT_OBJC_ISA_USAGE = YES_ERROR;
				CLANG_WARN_DOCUMENTATION_COMMENTS = YES;
				CLANG_WARN_EMPTY_BODY = YES;
				CLANG_WARN_ENUM_CONVERSION = YES;
				CLANG_WARN_INFINITE_RECURSION = YES;
				CLANG_WARN_INT_CONVERSION = YES;
				CLANG_WARN_NON_LITERAL_NULL_CONVERSION = YES;
				CLANG_WARN_OBJC_IMPLICIT_RETAIN_SELF = YES;
				CLANG_WARN_OBJC_LITERAL_CONVERSION = YES;
				CLANG_WARN_OBJC_ROOT_CLASS = YES_ERROR;
				CLANG_WARN_QUOTED_INCLUDE_IN_FRAMEWORK_HEADER = YES;
				CLANG_WARN_RANGE_LOOP_ANALYSIS = YES;
				CLANG_WARN_STRICT_PROTOTYPES = YES;
				CLANG_WARN_SUSPICIOUS_MOVE = YES;
				CLANG_WARN_UNGUARDED_AVAILABILITY = YES_AGGRESSIVE;
				CLANG_WARN_UNREACHABLE_CODE = YES;
				CLANG_WARN__DUPLICATE_METHOD_MATCH = YES;
				COPY_PHASE_STRIP = NO;
				DEBUG_INFORMATION_FORMAT = "dwarf-with-dsym";
				ENABLE_NS_ASSERTIONS = NO;
				ENABLE_STRICT_OBJC_MSGSEND = YES;
				GCC_C_LANGUAGE_STANDARD = gnu11;
				GCC_NO_COMMON_BLOCKS = YES;
				GCC_WARN_64_TO_32_BIT_CONVERSION = YES;
				GCC_WARN_ABOUT_RETURN_TYPE = YES_ERROR;
				GCC_WARN_UNDECLARED_SELECTOR = YES;
				GCC_WARN_UNINITIALIZED_AUTOS = YES_AGGRESSIVE;
				GCC_WARN_UNUSED_FUNCTION = YES;
				GCC_WARN_UNUSED_VARIABLE = YES;
				IPHONEOS_DEPLOYMENT_TARGET = 16.2;
				MTL_ENABLE_DEBUG_INFO = NO;
				MTL_FAST_MATH = YES;
				SDKROOT = iphoneos;
				SWIFT_COMPILATION_MODE = wholemodule;
				SWIFT_OPTIMIZATION_LEVEL = "-O";
				VALIDATE_PRODUCT = YES;
			};
			name = Release;
		};
		3B94AAD1297EB3950058907C /* Debug */ = {
			isa = XCBuildConfiguration;
			buildSettings = {
				ASSETCATALOG_COMPILER_APPICON_NAME = AppIcon;
				ASSETCATALOG_COMPILER_GLOBAL_ACCENT_COLOR_NAME = AccentColor;
				CODE_SIGN_STYLE = Automatic;
				CURRENT_PROJECT_VERSION = 1;
				DEVELOPMENT_ASSET_PATHS = "\"01-kakaopay-main/Preview Content\"";
				ENABLE_PREVIEWS = YES;
				GENERATE_INFOPLIST_FILE = YES;
				INFOPLIST_KEY_UIApplicationSceneManifest_Generation = YES;
				INFOPLIST_KEY_UIApplicationSupportsIndirectInputEvents = YES;
				INFOPLIST_KEY_UILaunchScreen_Generation = YES;
				INFOPLIST_KEY_UISupportedInterfaceOrientations_iPad = "UIInterfaceOrientationPortrait UIInterfaceOrientationPortraitUpsideDown UIInterfaceOrientationLandscapeLeft UIInterfaceOrientationLandscapeRight";
				INFOPLIST_KEY_UISupportedInterfaceOrientations_iPhone = "UIInterfaceOrientationPortrait UIInterfaceOrientationLandscapeLeft UIInterfaceOrientationLandscapeRight";
				LD_RUNPATH_SEARCH_PATHS = (
					"$(inherited)",
					"@executable_path/Frameworks",
				);
				MARKETING_VERSION = 1.0;
				PRODUCT_BUNDLE_IDENTIFIER = "jujube0.-1-kakaopay-main";
				PRODUCT_NAME = "$(TARGET_NAME)";
				SWIFT_EMIT_LOC_STRINGS = YES;
				SWIFT_VERSION = 5.0;
				TARGETED_DEVICE_FAMILY = "1,2";
			};
			name = Debug;
		};
		3B94AAD2297EB3950058907C /* Release */ = {
			isa = XCBuildConfiguration;
			buildSettings = {
				ASSETCATALOG_COMPILER_APPICON_NAME = AppIcon;
				ASSETCATALOG_COMPILER_GLOBAL_ACCENT_COLOR_NAME = AccentColor;
				CODE_SIGN_STYLE = Automatic;
				CURRENT_PROJECT_VERSION = 1;
				DEVELOPMENT_ASSET_PATHS = "\"01-kakaopay-main/Preview Content\"";
				ENABLE_PREVIEWS = YES;
				GENERATE_INFOPLIST_FILE = YES;
				INFOPLIST_KEY_UIApplicationSceneManifest_Generation = YES;
				INFOPLIST_KEY_UIApplicationSupportsIndirectInputEvents = YES;
				INFOPLIST_KEY_UILaunchScreen_Generation = YES;
				INFOPLIST_KEY_UISupportedInterfaceOrientations_iPad = "UIInterfaceOrientationPortrait UIInterfaceOrientationPortraitUpsideDown UIInterfaceOrientationLandscapeLeft UIInterfaceOrientationLandscapeRight";
				INFOPLIST_KEY_UISupportedInterfaceOrientations_iPhone = "UIInterfaceOrientationPortrait UIInterfaceOrientationLandscapeLeft UIInterfaceOrientationLandscapeRight";
				LD_RUNPATH_SEARCH_PATHS = (
					"$(inherited)",
					"@executable_path/Frameworks",
				);
				MARKETING_VERSION = 1.0;
				PRODUCT_BUNDLE_IDENTIFIER = "jujube0.-1-kakaopay-main";
				PRODUCT_NAME = "$(TARGET_NAME)";
				SWIFT_EMIT_LOC_STRINGS = YES;
				SWIFT_VERSION = 5.0;
				TARGETED_DEVICE_FAMILY = "1,2";
			};
			name = Release;
		};
/* End XCBuildConfiguration section */

/* Begin XCConfigurationList section */
		3B94AABD297EB3920058907C /* Build configuration list for PBXProject "01-kakaopay-main" */ = {
			isa = XCConfigurationList;
			buildConfigurations = (
				3B94AACE297EB3950058907C /* Debug */,
				3B94AACF297EB3950058907C /* Release */,
			);
			defaultConfigurationIsVisible = 0;
			defaultConfigurationName = Release;
		};
		3B94AAD0297EB3950058907C /* Build configuration list for PBXNativeTarget "01-kakaopay-main" */ = {
			isa = XCConfigurationList;
			buildConfigurations = (
				3B94AAD1297EB3950058907C /* Debug */,
				3B94AAD2297EB3950058907C /* Release */,
			);
			defaultConfigurationIsVisible = 0;
			defaultConfigurationName = Release;
		};
/* End XCConfigurationList section */
	};
	rootObject = 3B94AABA297EB3920058907C /* Project object */;
}
