// !$*UTF8*$!
{
	archiveVersion = 1;
	classes = {
	};
	objectVersion = 56;
	objects = {

/* Begin PBXBuildFile section */
		3BA9FE94298D360B00F0378F /* PinterestApp.swift in Sources */ = {isa = PBXBuildFile; fileRef = 3BA9FE93298D360B00F0378F /* PinterestApp.swift */; };
		3BA9FE96298D360B00F0378F /* ContentView.swift in Sources */ = {isa = PBXBuildFile; fileRef = 3BA9FE95298D360B00F0378F /* ContentView.swift */; };
		3BA9FE98298D361000F0378F /* Assets.xcassets in Resources */ = {isa = PBXBuildFile; fileRef = 3BA9FE97298D361000F0378F /* Assets.xcassets */; };
		3BA9FE9B298D361000F0378F /* Preview Assets.xcassets in Resources */ = {isa = PBXBuildFile; fileRef = 3BA9FE9A298D361000F0378F /* Preview Assets.xcassets */; };
		3BA9FEA4298D5CA400F0378F /* PinItem.swift in Sources */ = {isa = PBXBuildFile; fileRef = 3BA9FEA3298D5CA400F0378F /* PinItem.swift */; };
		3BA9FEA6298D5DAE00F0378F /* PinterestLazyStackView.swift in Sources */ = {isa = PBXBuildFile; fileRef = 3BA9FEA5298D5DAE00F0378F /* PinterestLazyStackView.swift */; };
		3BA9FEAA2991641A00F0378F /* PinterestView.swift in Sources */ = {isa = PBXBuildFile; fileRef = 3BA9FEA92991641A00F0378F /* PinterestView.swift */; };
		3BC5C41C29A0D9B300B93748 /* APIRequest.swift in Sources */ = {isa = PBXBuildFile; fileRef = 3BC5C41B29A0D9B300B93748 /* APIRequest.swift */; };
		3BC5C41F29A20BB300B93748 /* ImageSearchRequest.swift in Sources */ = {isa = PBXBuildFile; fileRef = 3BC5C41E29A20BB300B93748 /* ImageSearchRequest.swift */; };
		3BC5C42329A20F8900B93748 /* Config.swift in Sources */ = {isa = PBXBuildFile; fileRef = 3BC5C42229A20F8900B93748 /* Config.swift */; };
		3BC5C42B29A2535700B93748 /* PinItemView.swift in Sources */ = {isa = PBXBuildFile; fileRef = 3BC5C42A29A2535700B93748 /* PinItemView.swift */; };
		3BDC8C8729A25768009A11CE /* PinLikedListView.swift in Sources */ = {isa = PBXBuildFile; fileRef = 3BDC8C8629A25768009A11CE /* PinLikedListView.swift */; };
		3BDC8C8929A28B2C009A11CE /* LikedPinListViewModel.swift in Sources */ = {isa = PBXBuildFile; fileRef = 3BDC8C8829A28B2C009A11CE /* LikedPinListViewModel.swift */; };
		3BDC8C8B29A28B90009A11CE /* PinListViewModel.swift in Sources */ = {isa = PBXBuildFile; fileRef = 3BDC8C8A29A28B90009A11CE /* PinListViewModel.swift */; };
/* End PBXBuildFile section */

/* Begin PBXFileReference section */
		3BA9FE90298D360B00F0378F /* PinterestApp.app */ = {isa = PBXFileReference; explicitFileType = wrapper.application; includeInIndex = 0; path = PinterestApp.app; sourceTree = BUILT_PRODUCTS_DIR; };
		3BA9FE93298D360B00F0378F /* PinterestApp.swift */ = {isa = PBXFileReference; lastKnownFileType = sourcecode.swift; path = PinterestApp.swift; sourceTree = "<group>"; };
		3BA9FE95298D360B00F0378F /* ContentView.swift */ = {isa = PBXFileReference; lastKnownFileType = sourcecode.swift; path = ContentView.swift; sourceTree = "<group>"; };
		3BA9FE97298D361000F0378F /* Assets.xcassets */ = {isa = PBXFileReference; lastKnownFileType = folder.assetcatalog; path = Assets.xcassets; sourceTree = "<group>"; };
		3BA9FE9A298D361000F0378F /* Preview Assets.xcassets */ = {isa = PBXFileReference; lastKnownFileType = folder.assetcatalog; path = "Preview Assets.xcassets"; sourceTree = "<group>"; };
		3BA9FEA3298D5CA400F0378F /* PinItem.swift */ = {isa = PBXFileReference; lastKnownFileType = sourcecode.swift; path = PinItem.swift; sourceTree = "<group>"; };
		3BA9FEA5298D5DAE00F0378F /* PinterestLazyStackView.swift */ = {isa = PBXFileReference; lastKnownFileType = sourcecode.swift; path = PinterestLazyStackView.swift; sourceTree = "<group>"; };
		3BA9FEA92991641A00F0378F /* PinterestView.swift */ = {isa = PBXFileReference; lastKnownFileType = sourcecode.swift; path = PinterestView.swift; sourceTree = "<group>"; };
		3BC5C41B29A0D9B300B93748 /* APIRequest.swift */ = {isa = PBXFileReference; lastKnownFileType = sourcecode.swift; path = APIRequest.swift; sourceTree = "<group>"; };
		3BC5C41E29A20BB300B93748 /* ImageSearchRequest.swift */ = {isa = PBXFileReference; lastKnownFileType = sourcecode.swift; path = ImageSearchRequest.swift; sourceTree = "<group>"; };
		3BC5C42029A20E0B00B93748 /* Config.xcconfig */ = {isa = PBXFileReference; lastKnownFileType = text.xcconfig; path = Config.xcconfig; sourceTree = "<group>"; };
		3BC5C42129A20F0B00B93748 /* Info.plist */ = {isa = PBXFileReference; lastKnownFileType = text.plist; path = Info.plist; sourceTree = "<group>"; };
		3BC5C42229A20F8900B93748 /* Config.swift */ = {isa = PBXFileReference; lastKnownFileType = sourcecode.swift; path = Config.swift; sourceTree = "<group>"; };
		3BC5C42A29A2535700B93748 /* PinItemView.swift */ = {isa = PBXFileReference; lastKnownFileType = sourcecode.swift; path = PinItemView.swift; sourceTree = "<group>"; };
		3BDC8C8629A25768009A11CE /* PinLikedListView.swift */ = {isa = PBXFileReference; lastKnownFileType = sourcecode.swift; path = PinLikedListView.swift; sourceTree = "<group>"; };
		3BDC8C8829A28B2C009A11CE /* LikedPinListViewModel.swift */ = {isa = PBXFileReference; lastKnownFileType = sourcecode.swift; path = LikedPinListViewModel.swift; sourceTree = "<group>"; };
		3BDC8C8A29A28B90009A11CE /* PinListViewModel.swift */ = {isa = PBXFileReference; lastKnownFileType = sourcecode.swift; path = PinListViewModel.swift; sourceTree = "<group>"; };
/* End PBXFileReference section */

/* Begin PBXFrameworksBuildPhase section */
		3BA9FE8D298D360B00F0378F /* Frameworks */ = {
			isa = PBXFrameworksBuildPhase;
			buildActionMask = 2147483647;
			files = (
			);
			runOnlyForDeploymentPostprocessing = 0;
		};
/* End PBXFrameworksBuildPhase section */

/* Begin PBXGroup section */
		3BA9FE87298D360A00F0378F = {
			isa = PBXGroup;
			children = (
				3BC5C42029A20E0B00B93748 /* Config.xcconfig */,
				3BA9FE92298D360B00F0378F /* PinterestApp */,
				3BA9FE91298D360B00F0378F /* Products */,
			);
			sourceTree = "<group>";
		};
		3BA9FE91298D360B00F0378F /* Products */ = {
			isa = PBXGroup;
			children = (
				3BA9FE90298D360B00F0378F /* PinterestApp.app */,
			);
			name = Products;
			sourceTree = "<group>";
		};
		3BA9FE92298D360B00F0378F /* PinterestApp */ = {
			isa = PBXGroup;
			children = (
				3BC5C42129A20F0B00B93748 /* Info.plist */,
				3BC5C41D29A2056A00B93748 /* network */,
				3BA9FEA82991638C00F0378F /* models */,
				3BA9FEA72991637C00F0378F /* views */,
				3BA9FE93298D360B00F0378F /* PinterestApp.swift */,
				3BA9FE97298D361000F0378F /* Assets.xcassets */,
				3BA9FE99298D361000F0378F /* Preview Content */,
				3BC5C42229A20F8900B93748 /* Config.swift */,
			);
			path = PinterestApp;
			sourceTree = "<group>";
		};
		3BA9FE99298D361000F0378F /* Preview Content */ = {
			isa = PBXGroup;
			children = (
				3BA9FE9A298D361000F0378F /* Preview Assets.xcassets */,
			);
			path = "Preview Content";
			sourceTree = "<group>";
		};
		3BA9FEA72991637C00F0378F /* views */ = {
			isa = PBXGroup;
			children = (
				3BA9FE95298D360B00F0378F /* ContentView.swift */,
				3BA9FEA5298D5DAE00F0378F /* PinterestLazyStackView.swift */,
				3BA9FEA92991641A00F0378F /* PinterestView.swift */,
				3BC5C42A29A2535700B93748 /* PinItemView.swift */,
				3BDC8C8629A25768009A11CE /* PinLikedListView.swift */,
			);
			path = views;
			sourceTree = "<group>";
		};
		3BA9FEA82991638C00F0378F /* models */ = {
			isa = PBXGroup;
			children = (
				3BA9FEA3298D5CA400F0378F /* PinItem.swift */,
				3BDC8C8829A28B2C009A11CE /* LikedPinListViewModel.swift */,
				3BDC8C8A29A28B90009A11CE /* PinListViewModel.swift */,
			);
			path = models;
			sourceTree = "<group>";
		};
		3BC5C41D29A2056A00B93748 /* network */ = {
			isa = PBXGroup;
			children = (
				3BC5C41B29A0D9B300B93748 /* APIRequest.swift */,
				3BC5C41E29A20BB300B93748 /* ImageSearchRequest.swift */,
			);
			path = network;
			sourceTree = "<group>";
		};
/* End PBXGroup section */

/* Begin PBXNativeTarget section */
		3BA9FE8F298D360B00F0378F /* PinterestApp */ = {
			isa = PBXNativeTarget;
			buildConfigurationList = 3BA9FE9E298D361000F0378F /* Build configuration list for PBXNativeTarget "PinterestApp" */;
			buildPhases = (
				3BA9FE8C298D360B00F0378F /* Sources */,
				3BA9FE8D298D360B00F0378F /* Frameworks */,
				3BA9FE8E298D360B00F0378F /* Resources */,
			);
			buildRules = (
			);
			dependencies = (
			);
			name = PinterestApp;
			productName = PinterestApp;
			productReference = 3BA9FE90298D360B00F0378F /* PinterestApp.app */;
			productType = "com.apple.product-type.application";
		};
/* End PBXNativeTarget section */

/* Begin PBXProject section */
		3BA9FE88298D360A00F0378F /* Project object */ = {
			isa = PBXProject;
			attributes = {
				BuildIndependentTargetsInParallel = 1;
				LastSwiftUpdateCheck = 1420;
				LastUpgradeCheck = 1420;
				TargetAttributes = {
					3BA9FE8F298D360B00F0378F = {
						CreatedOnToolsVersion = 14.2;
					};
				};
			};
			buildConfigurationList = 3BA9FE8B298D360A00F0378F /* Build configuration list for PBXProject "PinterestApp" */;
			compatibilityVersion = "Xcode 14.0";
			developmentRegion = en;
			hasScannedForEncodings = 0;
			knownRegions = (
				en,
				Base,
			);
			mainGroup = 3BA9FE87298D360A00F0378F;
			productRefGroup = 3BA9FE91298D360B00F0378F /* Products */;
			projectDirPath = "";
			projectRoot = "";
			targets = (
				3BA9FE8F298D360B00F0378F /* PinterestApp */,
			);
		};
/* End PBXProject section */

/* Begin PBXResourcesBuildPhase section */
		3BA9FE8E298D360B00F0378F /* Resources */ = {
			isa = PBXResourcesBuildPhase;
			buildActionMask = 2147483647;
			files = (
				3BA9FE9B298D361000F0378F /* Preview Assets.xcassets in Resources */,
				3BA9FE98298D361000F0378F /* Assets.xcassets in Resources */,
			);
			runOnlyForDeploymentPostprocessing = 0;
		};
/* End PBXResourcesBuildPhase section */

/* Begin PBXSourcesBuildPhase section */
		3BA9FE8C298D360B00F0378F /* Sources */ = {
			isa = PBXSourcesBuildPhase;
			buildActionMask = 2147483647;
			files = (
				3BDC8C8B29A28B90009A11CE /* PinListViewModel.swift in Sources */,
				3BA9FEA4298D5CA400F0378F /* PinItem.swift in Sources */,
				3BC5C42B29A2535700B93748 /* PinItemView.swift in Sources */,
				3BC5C41C29A0D9B300B93748 /* APIRequest.swift in Sources */,
				3BA9FE96298D360B00F0378F /* ContentView.swift in Sources */,
				3BA9FEA6298D5DAE00F0378F /* PinterestLazyStackView.swift in Sources */,
				3BC5C41F29A20BB300B93748 /* ImageSearchRequest.swift in Sources */,
				3BDC8C8729A25768009A11CE /* PinLikedListView.swift in Sources */,
				3BC5C42329A20F8900B93748 /* Config.swift in Sources */,
				3BDC8C8929A28B2C009A11CE /* LikedPinListViewModel.swift in Sources */,
				3BA9FEAA2991641A00F0378F /* PinterestView.swift in Sources */,
				3BA9FE94298D360B00F0378F /* PinterestApp.swift in Sources */,
			);
			runOnlyForDeploymentPostprocessing = 0;
		};
/* End PBXSourcesBuildPhase section */

/* Begin XCBuildConfiguration section */
		3BA9FE9C298D361000F0378F /* Debug */ = {
			isa = XCBuildConfiguration;
			baseConfigurationReference = 3BC5C42029A20E0B00B93748 /* Config.xcconfig */;
			buildSettings = {
				ALWAYS_SEARCH_USER_PATHS = NO;
				CLANG_ANALYZER_NONNULL = YES;
				CLANG_ANALYZER_NUMBER_OBJECT_CONVERSION = YES_AGGRESSIVE;
				CLANG_CXX_LANGUAGE_STANDARD = "gnu++20";
				CLANG_ENABLE_MODULES = YES;
				CLANG_ENABLE_OBJC_ARC = YES;
				CLANG_ENABLE_OBJC_WEAK = YES;
				CLANG_WARN_BLOCK_CAPTURE_AUTORELEASING = YES;
				CLANG_WARN_BOOL_CONVERSION = YES;
				CLANG_WARN_COMMA = YES;
				CLANG_WARN_CONSTANT_CONVERSION = YES;
				CLANG_WARN_DEPRECATED_OBJC_IMPLEMENTATIONS = YES;
				CLANG_WARN_DIRECT_OBJC_ISA_USAGE = YES_ERROR;
				CLANG_WARN_DOCUMENTATION_COMMENTS = YES;
				CLANG_WARN_EMPTY_BODY = YES;
				CLANG_WARN_ENUM_CONVERSION = YES;
				CLANG_WARN_INFINITE_RECURSION = YES;
				CLANG_WARN_INT_CONVERSION = YES;
				CLANG_WARN_NON_LITERAL_NULL_CONVERSION = YES;
				CLANG_WARN_OBJC_IMPLICIT_RETAIN_SELF = YES;
				CLANG_WARN_OBJC_LITERAL_CONVERSION = YES;
				CLANG_WARN_OBJC_ROOT_CLASS = YES_ERROR;
				CLANG_WARN_QUOTED_INCLUDE_IN_FRAMEWORK_HEADER = YES;
				CLANG_WARN_RANGE_LOOP_ANALYSIS = YES;
				CLANG_WARN_STRICT_PROTOTYPES = YES;
				CLANG_WARN_SUSPICIOUS_MOVE = YES;
				CLANG_WARN_UNGUARDED_AVAILABILITY = YES_AGGRESSIVE;
				CLANG_WARN_UNREACHABLE_CODE = YES;
				CLANG_WARN__DUPLICATE_METHOD_MATCH = YES;
				COPY_PHASE_STRIP = NO;
				DEBUG_INFORMATION_FORMAT = dwarf;
				ENABLE_STRICT_OBJC_MSGSEND = YES;
				ENABLE_TESTABILITY = YES;
				GCC_C_LANGUAGE_STANDARD = gnu11;
				GCC_DYNAMIC_NO_PIC = NO;
				GCC_NO_COMMON_BLOCKS = YES;
				GCC_OPTIMIZATION_LEVEL = 0;
				GCC_PREPROCESSOR_DEFINITIONS = (
					"DEBUG=1",
					"$(inherited)",
				);
				GCC_WARN_64_TO_32_BIT_CONVERSION = YES;
				GCC_WARN_ABOUT_RETURN_TYPE = YES_ERROR;
				GCC_WARN_UNDECLARED_SELECTOR = YES;
				GCC_WARN_UNINITIALIZED_AUTOS = YES_AGGRESSIVE;
				GCC_WARN_UNUSED_FUNCTION = YES;
				GCC_WARN_UNUSED_VARIABLE = YES;
				IPHONEOS_DEPLOYMENT_TARGET = 16.2;
				MTL_ENABLE_DEBUG_INFO = INCLUDE_SOURCE;
				MTL_FAST_MATH = YES;
				ONLY_ACTIVE_ARCH = YES;
				SDKROOT = iphoneos;
				SWIFT_ACTIVE_COMPILATION_CONDITIONS = DEBUG;
				SWIFT_OPTIMIZATION_LEVEL = "-Onone";
			};
			name = Debug;
		};
		3BA9FE9D298D361000F0378F /* Release */ = {
			isa = XCBuildConfiguration;
			baseConfigurationReference = 3BC5C42029A20E0B00B93748 /* Config.xcconfig */;
			buildSettings = {
				ALWAYS_SEARCH_USER_PATHS = NO;
				CLANG_ANALYZER_NONNULL = YES;
				CLANG_ANALYZER_NUMBER_OBJECT_CONVERSION = YES_AGGRESSIVE;
				CLANG_CXX_LANGUAGE_STANDARD = "gnu++20";
				CLANG_ENABLE_MODULES = YES;
				CLANG_ENABLE_OBJC_ARC = YES;
				CLANG_ENABLE_OBJC_WEAK = YES;
				CLANG_WARN_BLOCK_CAPTURE_AUTORELEASING = YES;
				CLANG_WARN_BOOL_CONVERSION = YES;
				CLANG_WARN_COMMA = YES;
				CLANG_WARN_CONSTANT_CONVERSION = YES;
				CLANG_WARN_DEPRECATED_OBJC_IMPLEMENTATIONS = YES;
				CLANG_WARN_DIRECT_OBJC_ISA_USAGE = YES_ERROR;
				CLANG_WARN_DOCUMENTATION_COMMENTS = YES;
				CLANG_WARN_EMPTY_BODY = YES;
				CLANG_WARN_ENUM_CONVERSION = YES;
				CLANG_WARN_INFINITE_RECURSION = YES;
				CLANG_WARN_INT_CONVERSION = YES;
				CLANG_WARN_NON_LITERAL_NULL_CONVERSION = YES;
				CLANG_WARN_OBJC_IMPLICIT_RETAIN_SELF = YES;
				CLANG_WARN_OBJC_LITERAL_CONVERSION = YES;
				CLANG_WARN_OBJC_ROOT_CLASS = YES_ERROR;
				CLANG_WARN_QUOTED_INCLUDE_IN_FRAMEWORK_HEADER = YES;
				CLANG_WARN_RANGE_LOOP_ANALYSIS = YES;
				CLANG_WARN_STRICT_PROTOTYPES = YES;
				CLANG_WARN_SUSPICIOUS_MOVE = YES;
				CLANG_WARN_UNGUARDED_AVAILABILITY = YES_AGGRESSIVE;
				CLANG_WARN_UNREACHABLE_CODE = YES;
				CLANG_WARN__DUPLICATE_METHOD_MATCH = YES;
				COPY_PHASE_STRIP = NO;
				DEBUG_INFORMATION_FORMAT = "dwarf-with-dsym";
				ENABLE_NS_ASSERTIONS = NO;
				ENABLE_STRICT_OBJC_MSGSEND = YES;
				GCC_C_LANGUAGE_STANDARD = gnu11;
				GCC_NO_COMMON_BLOCKS = YES;
				GCC_WARN_64_TO_32_BIT_CONVERSION = YES;
				GCC_WARN_ABOUT_RETURN_TYPE = YES_ERROR;
				GCC_WARN_UNDECLARED_SELECTOR = YES;
				GCC_WARN_UNINITIALIZED_AUTOS = YES_AGGRESSIVE;
				GCC_WARN_UNUSED_FUNCTION = YES;
				GCC_WARN_UNUSED_VARIABLE = YES;
				IPHONEOS_DEPLOYMENT_TARGET = 16.2;
				MTL_ENABLE_DEBUG_INFO = NO;
				MTL_FAST_MATH = YES;
				SDKROOT = iphoneos;
				SWIFT_COMPILATION_MODE = wholemodule;
				SWIFT_OPTIMIZATION_LEVEL = "-O";
				VALIDATE_PRODUCT = YES;
			};
			name = Release;
		};
		3BA9FE9F298D361000F0378F /* Debug */ = {
			isa = XCBuildConfiguration;
			buildSettings = {
				ASSETCATALOG_COMPILER_APPICON_NAME = AppIcon;
				ASSETCATALOG_COMPILER_GLOBAL_ACCENT_COLOR_NAME = AccentColor;
				CODE_SIGN_STYLE = Automatic;
				CURRENT_PROJECT_VERSION = 1;
				DEVELOPMENT_ASSET_PATHS = "\"PinterestApp/Preview Content\"";
				DEVELOPMENT_TEAM = GG34S672YX;
				ENABLE_PREVIEWS = YES;
				GENERATE_INFOPLIST_FILE = YES;
				INFOPLIST_FILE = PinterestApp/Info.plist;
				INFOPLIST_KEY_UIApplicationSceneManifest_Generation = YES;
				INFOPLIST_KEY_UIApplicationSupportsIndirectInputEvents = YES;
				INFOPLIST_KEY_UILaunchScreen_Generation = YES;
				INFOPLIST_KEY_UISupportedInterfaceOrientations_iPad = "UIInterfaceOrientationPortrait UIInterfaceOrientationPortraitUpsideDown UIInterfaceOrientationLandscapeLeft UIInterfaceOrientationLandscapeRight";
				INFOPLIST_KEY_UISupportedInterfaceOrientations_iPhone = "UIInterfaceOrientationPortrait UIInterfaceOrientationLandscapeLeft UIInterfaceOrientationLandscapeRight";
				LD_RUNPATH_SEARCH_PATHS = (
					"$(inherited)",
					"@executable_path/Frameworks",
				);
				MARKETING_VERSION = 1.0;
				PRODUCT_BUNDLE_IDENTIFIER = jujube0.PinterestApp;
				PRODUCT_NAME = "$(TARGET_NAME)";
				SWIFT_EMIT_LOC_STRINGS = YES;
				SWIFT_VERSION = 5.0;
				TARGETED_DEVICE_FAMILY = "1,2";
			};
			name = Debug;
		};
		3BA9FEA0298D361000F0378F /* Release */ = {
			isa = XCBuildConfiguration;
			buildSettings = {
				ASSETCATALOG_COMPILER_APPICON_NAME = AppIcon;
				ASSETCATALOG_COMPILER_GLOBAL_ACCENT_COLOR_NAME = AccentColor;
				CODE_SIGN_STYLE = Automatic;
				CURRENT_PROJECT_VERSION = 1;
				DEVELOPMENT_ASSET_PATHS = "\"PinterestApp/Preview Content\"";
				DEVELOPMENT_TEAM = GG34S672YX;
				ENABLE_PREVIEWS = YES;
				GENERATE_INFOPLIST_FILE = YES;
				INFOPLIST_FILE = PinterestApp/Info.plist;
				INFOPLIST_KEY_UIApplicationSceneManifest_Generation = YES;
				INFOPLIST_KEY_UIApplicationSupportsIndirectInputEvents = YES;
				INFOPLIST_KEY_UILaunchScreen_Generation = YES;
				INFOPLIST_KEY_UISupportedInterfaceOrientations_iPad = "UIInterfaceOrientationPortrait UIInterfaceOrientationPortraitUpsideDown UIInterfaceOrientationLandscapeLeft UIInterfaceOrientationLandscapeRight";
				INFOPLIST_KEY_UISupportedInterfaceOrientations_iPhone = "UIInterfaceOrientationPortrait UIInterfaceOrientationLandscapeLeft UIInterfaceOrientationLandscapeRight";
				LD_RUNPATH_SEARCH_PATHS = (
					"$(inherited)",
					"@executable_path/Frameworks",
				);
				MARKETING_VERSION = 1.0;
				PRODUCT_BUNDLE_IDENTIFIER = jujube0.PinterestApp;
				PRODUCT_NAME = "$(TARGET_NAME)";
				SWIFT_EMIT_LOC_STRINGS = YES;
				SWIFT_VERSION = 5.0;
				TARGETED_DEVICE_FAMILY = "1,2";
			};
			name = Release;
		};
/* End XCBuildConfiguration section */

/* Begin XCConfigurationList section */
		3BA9FE8B298D360A00F0378F /* Build configuration list for PBXProject "PinterestApp" */ = {
			isa = XCConfigurationList;
			buildConfigurations = (
				3BA9FE9C298D361000F0378F /* Debug */,
				3BA9FE9D298D361000F0378F /* Release */,
			);
			defaultConfigurationIsVisible = 0;
			defaultConfigurationName = Release;
		};
		3BA9FE9E298D361000F0378F /* Build configuration list for PBXNativeTarget "PinterestApp" */ = {
			isa = XCConfigurationList;
			buildConfigurations = (
				3BA9FE9F298D361000F0378F /* Debug */,
				3BA9FEA0298D361000F0378F /* Release */,
			);
			defaultConfigurationIsVisible = 0;
			defaultConfigurationName = Release;
		};
/* End XCConfigurationList section */
	};
	rootObject = 3BA9FE88298D360A00F0378F /* Project object */;
}
